
Microsoft Visual Studio Solution File, Format Version 12.00
# Visual Studio 2012
Project("{FAE04EC0-301F-11D3-BF4B-00C04F79EFBC}") = "efact", "efact\efact.csproj", "{27E71FC9-592F-4E66-89F9-9C705226CF9F}"
EndProject
Project("{FAE04EC0-301F-11D3-BF4B-00C04F79EFBC}") = "eFact.BLL", "eFact.BLL\eFact.BLL.csproj", "{60885496-E863-4671-B49F-4B3E2F374B29}"
EndProject
Global
	GlobalSection(SolutionConfigurationPlatforms) = preSolution
		Debug|Any CPU = Debug|Any CPU
		Release|Any CPU = Release|Any CPU
	EndGlobalSection
	GlobalSection(ProjectConfigurationPlatforms) = postSolution
		{27E71FC9-592F-4E66-89F9-9C705226CF9F}.Debug|Any CPU.ActiveCfg = Debug|Any CPU
		{27E71FC9-592F-4E66-89F9-9C705226CF9F}.Debug|Any CPU.Build.0 = Debug|Any CPU
		{27E71FC9-592F-4E66-89F9-9C705226CF9F}.Release|Any CPU.ActiveCfg = Release|Any CPU
		{27E71FC9-592F-4E66-89F9-9C705226CF9F}.Release|Any CPU.Build.0 = Release|Any CPU
		{60885496-E863-4671-B49F-4B3E2F374B29}.Debug|Any CPU.ActiveCfg = Debug|Any CPU
		{60885496-E863-4671-B49F-4B3E2F374B29}.Debug|Any CPU.Build.0 = Debug|Any CPU
		{60885496-E863-4671-B49F-4B3E2F374B29}.Release|Any CPU.ActiveCfg = Release|Any CPU
		{60885496-E863-4671-B49F-4B3E2F374B29}.Release|Any CPU.Build.0 = Release|Any CPU
	EndGlobalSection
	GlobalSection(SolutionProperties) = preSolution
		HideSolutionNode = FALSE
	EndGlobalSection
EndGlobal
